
Microsoft Visual Studio Solution File, Format Version 12.00
# Visual Studio 15
VisualStudioVersion = 15.0.27703.2026
MinimumVisualStudioVersion = 10.0.40219.1
Project("{9A19103F-16F7-4668-BE54-9A1E7A4F7556}") = "P7.RestHook", "P7.RestHook\P7.RestHook.csproj", "{755C1230-2CCB-49F1-9F20-30545668D9EA}"
EndProject
Project("{2150E333-8FDC-42A3-9474-1A3956D46DE8}") = "Tests", "Tests", "{A425318E-5263-46CF-A523-34A5C4658F47}"
EndProject
Project("{9A19103F-16F7-4668-BE54-9A1E7A4F7556}") = "UnitTest.RestHookStore.InMemory", "UnitTest.RestHookStore.InMemory\UnitTest.RestHookStore.InMemory.csproj", "{F1923D6A-8D88-43C9-88C5-39E4EEAE41BD}"
EndProject
Project("{9A19103F-16F7-4668-BE54-9A1E7A4F7556}") = "P7.RestHook.InMemoryStore", "P7.RestHook.InMemoryStore\P7.RestHook.InMemoryStore.csproj", "{436A6983-3B42-47BD-AE6F-69D3377CA11E}"
EndProject
Project("{2150E333-8FDC-42A3-9474-1A3956D46DE8}") = "build", "build", "{64269D2D-CA73-498E-BF0B-A91598FCBD6A}"
	ProjectSection(SolutionItems) = preProject
		..\appveyor.yml = ..\appveyor.yml
	EndProjectSection
EndProject
Project("{FAE04EC0-301F-11D3-BF4B-00C04F79EFBC}") = "UnitTest.RestHookStore.Core", "UnitTest.RestHookStore.Core\UnitTest.RestHookStore.Core.csproj", "{A002D5C4-2E53-40AE-A6D8-22CE85E96795}"
EndProject
Project("{2150E333-8FDC-42A3-9474-1A3956D46DE8}") = "Host", "Host", "{063B3B1A-DE94-4E93-82D2-377D331C2052}"
EndProject
Project("{FAE04EC0-301F-11D3-BF4B-00C04F79EFBC}") = "RestHook.Host", "RestHook.Host\RestHook.Host.csproj", "{FFF00CD3-7648-4589-B320-47F972D12AD9}"
EndProject
Project("{FAE04EC0-301F-11D3-BF4B-00C04F79EFBC}") = "P7.RestHook.ClientManagement", "P7.RestHook.ClientManagement\P7.RestHook.ClientManagement.csproj", "{17503334-8CFF-465B-8F00-2F8E3C3D5176}"
EndProject
Global
	GlobalSection(SolutionConfigurationPlatforms) = preSolution
		Debug|Any CPU = Debug|Any CPU
		Release|Any CPU = Release|Any CPU
	EndGlobalSection
	GlobalSection(ProjectConfigurationPlatforms) = postSolution
		{755C1230-2CCB-49F1-9F20-30545668D9EA}.Debug|Any CPU.ActiveCfg = Debug|Any CPU
		{755C1230-2CCB-49F1-9F20-30545668D9EA}.Debug|Any CPU.Build.0 = Debug|Any CPU
		{755C1230-2CCB-49F1-9F20-30545668D9EA}.Release|Any CPU.ActiveCfg = Release|Any CPU
		{755C1230-2CCB-49F1-9F20-30545668D9EA}.Release|Any CPU.Build.0 = Release|Any CPU
		{F1923D6A-8D88-43C9-88C5-39E4EEAE41BD}.Debug|Any CPU.ActiveCfg = Debug|Any CPU
		{F1923D6A-8D88-43C9-88C5-39E4EEAE41BD}.Debug|Any CPU.Build.0 = Debug|Any CPU
		{F1923D6A-8D88-43C9-88C5-39E4EEAE41BD}.Release|Any CPU.ActiveCfg = Release|Any CPU
		{F1923D6A-8D88-43C9-88C5-39E4EEAE41BD}.Release|Any CPU.Build.0 = Release|Any CPU
		{436A6983-3B42-47BD-AE6F-69D3377CA11E}.Debug|Any CPU.ActiveCfg = Debug|Any CPU
		{436A6983-3B42-47BD-AE6F-69D3377CA11E}.Debug|Any CPU.Build.0 = Debug|Any CPU
		{436A6983-3B42-47BD-AE6F-69D3377CA11E}.Release|Any CPU.ActiveCfg = Release|Any CPU
		{436A6983-3B42-47BD-AE6F-69D3377CA11E}.Release|Any CPU.Build.0 = Release|Any CPU
		{A002D5C4-2E53-40AE-A6D8-22CE85E96795}.Debug|Any CPU.ActiveCfg = Debug|Any CPU
		{A002D5C4-2E53-40AE-A6D8-22CE85E96795}.Debug|Any CPU.Build.0 = Debug|Any CPU
		{A002D5C4-2E53-40AE-A6D8-22CE85E96795}.Release|Any CPU.ActiveCfg = Release|Any CPU
		{A002D5C4-2E53-40AE-A6D8-22CE85E96795}.Release|Any CPU.Build.0 = Release|Any CPU
		{FFF00CD3-7648-4589-B320-47F972D12AD9}.Debug|Any CPU.ActiveCfg = Debug|Any CPU
		{FFF00CD3-7648-4589-B320-47F972D12AD9}.Debug|Any CPU.Build.0 = Debug|Any CPU
		{FFF00CD3-7648-4589-B320-47F972D12AD9}.Release|Any CPU.ActiveCfg = Release|Any CPU
		{FFF00CD3-7648-4589-B320-47F972D12AD9}.Release|Any CPU.Build.0 = Release|Any CPU
		{17503334-8CFF-465B-8F00-2F8E3C3D5176}.Debug|Any CPU.ActiveCfg = Debug|Any CPU
		{17503334-8CFF-465B-8F00-2F8E3C3D5176}.Debug|Any CPU.Build.0 = Debug|Any CPU
		{17503334-8CFF-465B-8F00-2F8E3C3D5176}.Release|Any CPU.ActiveCfg = Release|Any CPU
		{17503334-8CFF-465B-8F00-2F8E3C3D5176}.Release|Any CPU.Build.0 = Release|Any CPU
	EndGlobalSection
	GlobalSection(SolutionProperties) = preSolution
		HideSolutionNode = FALSE
	EndGlobalSection
	GlobalSection(NestedProjects) = preSolution
		{F1923D6A-8D88-43C9-88C5-39E4EEAE41BD} = {A425318E-5263-46CF-A523-34A5C4658F47}
		{A002D5C4-2E53-40AE-A6D8-22CE85E96795} = {A425318E-5263-46CF-A523-34A5C4658F47}
		{FFF00CD3-7648-4589-B320-47F972D12AD9} = {063B3B1A-DE94-4E93-82D2-377D331C2052}
	EndGlobalSection
	GlobalSection(ExtensibilityGlobals) = postSolution
		SolutionGuid = {F2623E59-C3FF-4BB4-9CE9-5011314292BD}
	EndGlobalSection
EndGlobal
